// !$*UTF8*$!
{
	archiveVersion = 1;
	classes = {
	};
	objectVersion = 56;
	objects = {

/* Begin PBXBuildFile section */
		D65934FA29CEE6270096A74C /* KingOfChoiceApp.swift in Sources */ = {isa = PBXBuildFile; fileRef = D65934F929CEE6270096A74C /* KingOfChoiceApp.swift */; };
		D65934FE29CEE6280096A74C /* Assets.xcassets in Resources */ = {isa = PBXBuildFile; fileRef = D65934FD29CEE6280096A74C /* Assets.xcassets */; };
		D659350129CEE6280096A74C /* Preview Assets.xcassets in Resources */ = {isa = PBXBuildFile; fileRef = D659350029CEE6280096A74C /* Preview Assets.xcassets */; };
		D659350B29CEE6280096A74C /* KingOfChoiceTests.swift in Sources */ = {isa = PBXBuildFile; fileRef = D659350A29CEE6280096A74C /* KingOfChoiceTests.swift */; };
		D659351529CEE6280096A74C /* KingOfChoiceUITests.swift in Sources */ = {isa = PBXBuildFile; fileRef = D659351429CEE6280096A74C /* KingOfChoiceUITests.swift */; };
		D659351729CEE6280096A74C /* KingOfChoiceUITestsLaunchTests.swift in Sources */ = {isa = PBXBuildFile; fileRef = D659351629CEE6280096A74C /* KingOfChoiceUITestsLaunchTests.swift */; };
		D659352529CEEC820096A74C /* ChoiceListView.swift in Sources */ = {isa = PBXBuildFile; fileRef = D659352429CEEC820096A74C /* ChoiceListView.swift */; };
		D659352729CEF0860096A74C /* Theme.swift in Sources */ = {isa = PBXBuildFile; fileRef = D659352629CEF0860096A74C /* Theme.swift */; };
		D659352B29CEF20F0096A74C /* CardView.swift in Sources */ = {isa = PBXBuildFile; fileRef = D659352A29CEF20F0096A74C /* CardView.swift */; };
		D659352F29CF40980096A74C /* FamousSayingView.swift in Sources */ = {isa = PBXBuildFile; fileRef = D659352E29CF40980096A74C /* FamousSayingView.swift */; };
		D659353129D037020096A74C /* Choice.swift in Sources */ = {isa = PBXBuildFile; fileRef = D659353029D037020096A74C /* Choice.swift */; };
		D659353329D040460096A74C /* TrailingIconLabelStyle.swift in Sources */ = {isa = PBXBuildFile; fileRef = D659353229D040460096A74C /* TrailingIconLabelStyle.swift */; };
		D69BCF7029E29A2D00377426 /* DismissKeyboardOnTap.swift in Sources */ = {isa = PBXBuildFile; fileRef = D69BCF6F29E29A2D00377426 /* DismissKeyboardOnTap.swift */; };
		D69BCF7529E2AC5A00377426 /* UIKitTextField.swift in Sources */ = {isa = PBXBuildFile; fileRef = D69BCF7429E2AC5A00377426 /* UIKitTextField.swift */; };
		D6B31D9D29D1ACAA004F55DD /* ThemePickerView.swift in Sources */ = {isa = PBXBuildFile; fileRef = D6B31D9C29D1ACAA004F55DD /* ThemePickerView.swift */; };
		D6B31DA329D1AF73004F55DD /* ChoiceDetailView.swift in Sources */ = {isa = PBXBuildFile; fileRef = D6B31DA229D1AF73004F55DD /* ChoiceDetailView.swift */; };
		D6B31DA529D1AFDB004F55DD /* ChoiceEditView.swift in Sources */ = {isa = PBXBuildFile; fileRef = D6B31DA429D1AFDB004F55DD /* ChoiceEditView.swift */; };
		D6B31DAB29D1FBAC004F55DD /* ChoiceStore.swift in Sources */ = {isa = PBXBuildFile; fileRef = D6B31DAA29D1FBAC004F55DD /* ChoiceStore.swift */; };
		D6B31DAE29D20723004F55DD /* AlertToast in Frameworks */ = {isa = PBXBuildFile; productRef = D6B31DAD29D20723004F55DD /* AlertToast */; };
/* End PBXBuildFile section */

/* Begin PBXContainerItemProxy section */
		D659350729CEE6280096A74C /* PBXContainerItemProxy */ = {
			isa = PBXContainerItemProxy;
			containerPortal = D65934EE29CEE6270096A74C /* Project object */;
			proxyType = 1;
			remoteGlobalIDString = D65934F529CEE6270096A74C;
			remoteInfo = KingOfChoice;
		};
		D659351129CEE6280096A74C /* PBXContainerItemProxy */ = {
			isa = PBXContainerItemProxy;
			containerPortal = D65934EE29CEE6270096A74C /* Project object */;
			proxyType = 1;
			remoteGlobalIDString = D65934F529CEE6270096A74C;
			remoteInfo = KingOfChoice;
		};
/* End PBXContainerItemProxy section */

/* Begin PBXFileReference section */
		D65934F629CEE6270096A74C /* KingOfChoice.app */ = {isa = PBXFileReference; explicitFileType = wrapper.application; includeInIndex = 0; path = KingOfChoice.app; sourceTree = BUILT_PRODUCTS_DIR; };
		D65934F929CEE6270096A74C /* KingOfChoiceApp.swift */ = {isa = PBXFileReference; lastKnownFileType = sourcecode.swift; path = KingOfChoiceApp.swift; sourceTree = "<group>"; };
		D65934FD29CEE6280096A74C /* Assets.xcassets */ = {isa = PBXFileReference; lastKnownFileType = folder.assetcatalog; path = Assets.xcassets; sourceTree = "<group>"; };
		D659350029CEE6280096A74C /* Preview Assets.xcassets */ = {isa = PBXFileReference; lastKnownFileType = folder.assetcatalog; path = "Preview Assets.xcassets"; sourceTree = "<group>"; };
		D659350629CEE6280096A74C /* KingOfChoiceTests.xctest */ = {isa = PBXFileReference; explicitFileType = wrapper.cfbundle; includeInIndex = 0; path = KingOfChoiceTests.xctest; sourceTree = BUILT_PRODUCTS_DIR; };
		D659350A29CEE6280096A74C /* KingOfChoiceTests.swift */ = {isa = PBXFileReference; lastKnownFileType = sourcecode.swift; path = KingOfChoiceTests.swift; sourceTree = "<group>"; };
		D659351029CEE6280096A74C /* KingOfChoiceUITests.xctest */ = {isa = PBXFileReference; explicitFileType = wrapper.cfbundle; includeInIndex = 0; path = KingOfChoiceUITests.xctest; sourceTree = BUILT_PRODUCTS_DIR; };
		D659351429CEE6280096A74C /* KingOfChoiceUITests.swift */ = {isa = PBXFileReference; lastKnownFileType = sourcecode.swift; path = KingOfChoiceUITests.swift; sourceTree = "<group>"; };
		D659351629CEE6280096A74C /* KingOfChoiceUITestsLaunchTests.swift */ = {isa = PBXFileReference; lastKnownFileType = sourcecode.swift; path = KingOfChoiceUITestsLaunchTests.swift; sourceTree = "<group>"; };
		D659352429CEEC820096A74C /* ChoiceListView.swift */ = {isa = PBXFileReference; lastKnownFileType = sourcecode.swift; path = ChoiceListView.swift; sourceTree = "<group>"; };
		D659352629CEF0860096A74C /* Theme.swift */ = {isa = PBXFileReference; lastKnownFileType = sourcecode.swift; path = Theme.swift; sourceTree = "<group>"; };
		D659352A29CEF20F0096A74C /* CardView.swift */ = {isa = PBXFileReference; lastKnownFileType = sourcecode.swift; path = CardView.swift; sourceTree = "<group>"; };
		D659352E29CF40980096A74C /* FamousSayingView.swift */ = {isa = PBXFileReference; lastKnownFileType = sourcecode.swift; path = FamousSayingView.swift; sourceTree = "<group>"; };
		D659353029D037020096A74C /* Choice.swift */ = {isa = PBXFileReference; lastKnownFileType = sourcecode.swift; path = Choice.swift; sourceTree = "<group>"; };
		D659353229D040460096A74C /* TrailingIconLabelStyle.swift */ = {isa = PBXFileReference; lastKnownFileType = sourcecode.swift; path = TrailingIconLabelStyle.swift; sourceTree = "<group>"; };
		D69BCF6F29E29A2D00377426 /* DismissKeyboardOnTap.swift */ = {isa = PBXFileReference; lastKnownFileType = sourcecode.swift; path = DismissKeyboardOnTap.swift; sourceTree = "<group>"; };
		D69BCF7429E2AC5A00377426 /* UIKitTextField.swift */ = {isa = PBXFileReference; lastKnownFileType = sourcecode.swift; path = UIKitTextField.swift; sourceTree = "<group>"; };
		D6B31D9C29D1ACAA004F55DD /* ThemePickerView.swift */ = {isa = PBXFileReference; lastKnownFileType = sourcecode.swift; path = ThemePickerView.swift; sourceTree = "<group>"; };
		D6B31DA229D1AF73004F55DD /* ChoiceDetailView.swift */ = {isa = PBXFileReference; lastKnownFileType = sourcecode.swift; path = ChoiceDetailView.swift; sourceTree = "<group>"; };
		D6B31DA429D1AFDB004F55DD /* ChoiceEditView.swift */ = {isa = PBXFileReference; lastKnownFileType = sourcecode.swift; path = ChoiceEditView.swift; sourceTree = "<group>"; };
		D6B31DAA29D1FBAC004F55DD /* ChoiceStore.swift */ = {isa = PBXFileReference; lastKnownFileType = sourcecode.swift; path = ChoiceStore.swift; sourceTree = "<group>"; };
/* End PBXFileReference section */

/* Begin PBXFrameworksBuildPhase section */
		D65934F329CEE6270096A74C /* Frameworks */ = {
			isa = PBXFrameworksBuildPhase;
			buildActionMask = 2147483647;
			files = (
				D6B31DAE29D20723004F55DD /* AlertToast in Frameworks */,
			);
			runOnlyForDeploymentPostprocessing = 0;
		};
		D659350329CEE6280096A74C /* Frameworks */ = {
			isa = PBXFrameworksBuildPhase;
			buildActionMask = 2147483647;
			files = (
			);
			runOnlyForDeploymentPostprocessing = 0;
		};
		D659350D29CEE6280096A74C /* Frameworks */ = {
			isa = PBXFrameworksBuildPhase;
			buildActionMask = 2147483647;
			files = (
			);
			runOnlyForDeploymentPostprocessing = 0;
		};
/* End PBXFrameworksBuildPhase section */

/* Begin PBXGroup section */
		D65934ED29CEE6270096A74C = {
			isa = PBXGroup;
			children = (
				D65934F829CEE6270096A74C /* KingOfChoice */,
				D659350929CEE6280096A74C /* KingOfChoiceTests */,
				D659351329CEE6280096A74C /* KingOfChoiceUITests */,
				D65934F729CEE6270096A74C /* Products */,
			);
			sourceTree = "<group>";
		};
		D65934F729CEE6270096A74C /* Products */ = {
			isa = PBXGroup;
			children = (
				D65934F629CEE6270096A74C /* KingOfChoice.app */,
				D659350629CEE6280096A74C /* KingOfChoiceTests.xctest */,
				D659351029CEE6280096A74C /* KingOfChoiceUITests.xctest */,
			);
			name = Products;
			sourceTree = "<group>";
		};
		D65934F829CEE6270096A74C /* KingOfChoice */ = {
			isa = PBXGroup;
			children = (
				D69BCF7129E2A05400377426 /* CustomAtom */,
				D69BCF6E29E2998200377426 /* ViewModifier */,
				D6B31DA729D1B25F004F55DD /* CommonViews */,
				D6B31DA629D1B242004F55DD /* Views */,
				D659352329CEEBB10096A74C /* Modals */,
				D65934F929CEE6270096A74C /* KingOfChoiceApp.swift */,
				D659353229D040460096A74C /* TrailingIconLabelStyle.swift */,
				D65934FD29CEE6280096A74C /* Assets.xcassets */,
				D65934FF29CEE6280096A74C /* Preview Content */,
			);
			path = KingOfChoice;
			sourceTree = "<group>";
		};
		D65934FF29CEE6280096A74C /* Preview Content */ = {
			isa = PBXGroup;
			children = (
				D659350029CEE6280096A74C /* Preview Assets.xcassets */,
			);
			path = "Preview Content";
			sourceTree = "<group>";
		};
		D659350929CEE6280096A74C /* KingOfChoiceTests */ = {
			isa = PBXGroup;
			children = (
				D659350A29CEE6280096A74C /* KingOfChoiceTests.swift */,
			);
			path = KingOfChoiceTests;
			sourceTree = "<group>";
		};
		D659351329CEE6280096A74C /* KingOfChoiceUITests */ = {
			isa = PBXGroup;
			children = (
				D659351429CEE6280096A74C /* KingOfChoiceUITests.swift */,
				D659351629CEE6280096A74C /* KingOfChoiceUITestsLaunchTests.swift */,
			);
			path = KingOfChoiceUITests;
			sourceTree = "<group>";
		};
		D659352329CEEBB10096A74C /* Modals */ = {
			isa = PBXGroup;
			children = (
				D659352629CEF0860096A74C /* Theme.swift */,
				D659353029D037020096A74C /* Choice.swift */,
				D6B31DAA29D1FBAC004F55DD /* ChoiceStore.swift */,
			);
			path = Modals;
			sourceTree = "<group>";
		};
		D69BCF6E29E2998200377426 /* ViewModifier */ = {
			isa = PBXGroup;
			children = (
				D69BCF6F29E29A2D00377426 /* DismissKeyboardOnTap.swift */,
			);
			path = ViewModifier;
			sourceTree = "<group>";
		};
		D69BCF7129E2A05400377426 /* CustomAtom */ = {
			isa = PBXGroup;
			children = (
				D69BCF7429E2AC5A00377426 /* UIKitTextField.swift */,
			);
			path = CustomAtom;
			sourceTree = "<group>";
		};
		D6B31DA629D1B242004F55DD /* Views */ = {
			isa = PBXGroup;
			children = (
				D659352429CEEC820096A74C /* ChoiceListView.swift */,
				D6B31DA229D1AF73004F55DD /* ChoiceDetailView.swift */,
				D6B31DA429D1AFDB004F55DD /* ChoiceEditView.swift */,
			);
			path = Views;
			sourceTree = "<group>";
		};
		D6B31DA729D1B25F004F55DD /* CommonViews */ = {
			isa = PBXGroup;
			children = (
				D659352A29CEF20F0096A74C /* CardView.swift */,
				D659352E29CF40980096A74C /* FamousSayingView.swift */,
				D6B31D9C29D1ACAA004F55DD /* ThemePickerView.swift */,
			);
			path = CommonViews;
			sourceTree = "<group>";
		};
/* End PBXGroup section */

/* Begin PBXNativeTarget section */
		D65934F529CEE6270096A74C /* KingOfChoice */ = {
			isa = PBXNativeTarget;
			buildConfigurationList = D659351A29CEE6280096A74C /* Build configuration list for PBXNativeTarget "KingOfChoice" */;
			buildPhases = (
				D65934F229CEE6270096A74C /* Sources */,
				D65934F329CEE6270096A74C /* Frameworks */,
				D65934F429CEE6270096A74C /* Resources */,
			);
			buildRules = (
			);
			dependencies = (
			);
			name = KingOfChoice;
			packageProductDependencies = (
				D6B31DAD29D20723004F55DD /* AlertToast */,
			);
			productName = KingOfChoice;
			productReference = D65934F629CEE6270096A74C /* KingOfChoice.app */;
			productType = "com.apple.product-type.application";
		};
		D659350529CEE6280096A74C /* KingOfChoiceTests */ = {
			isa = PBXNativeTarget;
			buildConfigurationList = D659351D29CEE6280096A74C /* Build configuration list for PBXNativeTarget "KingOfChoiceTests" */;
			buildPhases = (
				D659350229CEE6280096A74C /* Sources */,
				D659350329CEE6280096A74C /* Frameworks */,
				D659350429CEE6280096A74C /* Resources */,
			);
			buildRules = (
			);
			dependencies = (
				D659350829CEE6280096A74C /* PBXTargetDependency */,
			);
			name = KingOfChoiceTests;
			productName = KingOfChoiceTests;
			productReference = D659350629CEE6280096A74C /* KingOfChoiceTests.xctest */;
			productType = "com.apple.product-type.bundle.unit-test";
		};
		D659350F29CEE6280096A74C /* KingOfChoiceUITests */ = {
			isa = PBXNativeTarget;
			buildConfigurationList = D659352029CEE6280096A74C /* Build configuration list for PBXNativeTarget "KingOfChoiceUITests" */;
			buildPhases = (
				D659350C29CEE6280096A74C /* Sources */,
				D659350D29CEE6280096A74C /* Frameworks */,
				D659350E29CEE6280096A74C /* Resources */,
			);
			buildRules = (
			);
			dependencies = (
				D659351229CEE6280096A74C /* PBXTargetDependency */,
			);
			name = KingOfChoiceUITests;
			productName = KingOfChoiceUITests;
			productReference = D659351029CEE6280096A74C /* KingOfChoiceUITests.xctest */;
			productType = "com.apple.product-type.bundle.ui-testing";
		};
/* End PBXNativeTarget section */

/* Begin PBXProject section */
		D65934EE29CEE6270096A74C /* Project object */ = {
			isa = PBXProject;
			attributes = {
				BuildIndependentTargetsInParallel = 1;
				LastSwiftUpdateCheck = 1410;
				LastUpgradeCheck = 1410;
				TargetAttributes = {
					D65934F529CEE6270096A74C = {
						CreatedOnToolsVersion = 14.1;
					};
					D659350529CEE6280096A74C = {
						CreatedOnToolsVersion = 14.1;
						TestTargetID = D65934F529CEE6270096A74C;
					};
					D659350F29CEE6280096A74C = {
						CreatedOnToolsVersion = 14.1;
						TestTargetID = D65934F529CEE6270096A74C;
					};
				};
			};
			buildConfigurationList = D65934F129CEE6270096A74C /* Build configuration list for PBXProject "KingOfChoice" */;
			compatibilityVersion = "Xcode 14.0";
			developmentRegion = en;
			hasScannedForEncodings = 0;
			knownRegions = (
				en,
				Base,
			);
			mainGroup = D65934ED29CEE6270096A74C;
			packageReferences = (
				D6B31DAC29D20723004F55DD /* XCRemoteSwiftPackageReference "AlertToast" */,
			);
			productRefGroup = D65934F729CEE6270096A74C /* Products */;
			projectDirPath = "";
			projectRoot = "";
			targets = (
				D65934F529CEE6270096A74C /* KingOfChoice */,
				D659350529CEE6280096A74C /* KingOfChoiceTests */,
				D659350F29CEE6280096A74C /* KingOfChoiceUITests */,
			);
		};
/* End PBXProject section */

/* Begin PBXResourcesBuildPhase section */
		D65934F429CEE6270096A74C /* Resources */ = {
			isa = PBXResourcesBuildPhase;
			buildActionMask = 2147483647;
			files = (
				D659350129CEE6280096A74C /* Preview Assets.xcassets in Resources */,
				D65934FE29CEE6280096A74C /* Assets.xcassets in Resources */,
			);
			runOnlyForDeploymentPostprocessing = 0;
		};
		D659350429CEE6280096A74C /* Resources */ = {
			isa = PBXResourcesBuildPhase;
			buildActionMask = 2147483647;
			files = (
			);
			runOnlyForDeploymentPostprocessing = 0;
		};
		D659350E29CEE6280096A74C /* Resources */ = {
			isa = PBXResourcesBuildPhase;
			buildActionMask = 2147483647;
			files = (
			);
			runOnlyForDeploymentPostprocessing = 0;
		};
/* End PBXResourcesBuildPhase section */

/* Begin PBXSourcesBuildPhase section */
		D65934F229CEE6270096A74C /* Sources */ = {
			isa = PBXSourcesBuildPhase;
			buildActionMask = 2147483647;
			files = (
				D659353129D037020096A74C /* Choice.swift in Sources */,
				D659352729CEF0860096A74C /* Theme.swift in Sources */,
				D6B31DA329D1AF73004F55DD /* ChoiceDetailView.swift in Sources */,
				D659352529CEEC820096A74C /* ChoiceListView.swift in Sources */,
				D69BCF7029E29A2D00377426 /* DismissKeyboardOnTap.swift in Sources */,
				D659352B29CEF20F0096A74C /* CardView.swift in Sources */,
				D6B31DAB29D1FBAC004F55DD /* ChoiceStore.swift in Sources */,
				D69BCF7529E2AC5A00377426 /* UIKitTextField.swift in Sources */,
				D6B31D9D29D1ACAA004F55DD /* ThemePickerView.swift in Sources */,
				D659352F29CF40980096A74C /* FamousSayingView.swift in Sources */,
				D659353329D040460096A74C /* TrailingIconLabelStyle.swift in Sources */,
				D65934FA29CEE6270096A74C /* KingOfChoiceApp.swift in Sources */,
				D6B31DA529D1AFDB004F55DD /* ChoiceEditView.swift in Sources */,
			);
			runOnlyForDeploymentPostprocessing = 0;
		};
		D659350229CEE6280096A74C /* Sources */ = {
			isa = PBXSourcesBuildPhase;
			buildActionMask = 2147483647;
			files = (
				D659350B29CEE6280096A74C /* KingOfChoiceTests.swift in Sources */,
			);
			runOnlyForDeploymentPostprocessing = 0;
		};
		D659350C29CEE6280096A74C /* Sources */ = {
			isa = PBXSourcesBuildPhase;
			buildActionMask = 2147483647;
			files = (
				D659351529CEE6280096A74C /* KingOfChoiceUITests.swift in Sources */,
				D659351729CEE6280096A74C /* KingOfChoiceUITestsLaunchTests.swift in Sources */,
			);
			runOnlyForDeploymentPostprocessing = 0;
		};
/* End PBXSourcesBuildPhase section */

/* Begin PBXTargetDependency section */
		D659350829CEE6280096A74C /* PBXTargetDependency */ = {
			isa = PBXTargetDependency;
			target = D65934F529CEE6270096A74C /* KingOfChoice */;
			targetProxy = D659350729CEE6280096A74C /* PBXContainerItemProxy */;
		};
		D659351229CEE6280096A74C /* PBXTargetDependency */ = {
			isa = PBXTargetDependency;
			target = D65934F529CEE6270096A74C /* KingOfChoice */;
			targetProxy = D659351129CEE6280096A74C /* PBXContainerItemProxy */;
		};
/* End PBXTargetDependency section */

/* Begin XCBuildConfiguration section */
		D659351829CEE6280096A74C /* Debug */ = {
			isa = XCBuildConfiguration;
			buildSettings = {
				ALWAYS_SEARCH_USER_PATHS = NO;
				CLANG_ANALYZER_NONNULL = YES;
				CLANG_ANALYZER_NUMBER_OBJECT_CONVERSION = YES_AGGRESSIVE;
				CLANG_CXX_LANGUAGE_STANDARD = "gnu++20";
				CLANG_ENABLE_MODULES = YES;
				CLANG_ENABLE_OBJC_ARC = YES;
				CLANG_ENABLE_OBJC_WEAK = YES;
				CLANG_WARN_BLOCK_CAPTURE_AUTORELEASING = YES;
				CLANG_WARN_BOOL_CONVERSION = YES;
				CLANG_WARN_COMMA = YES;
				CLANG_WARN_CONSTANT_CONVERSION = YES;
				CLANG_WARN_DEPRECATED_OBJC_IMPLEMENTATIONS = YES;
				CLANG_WARN_DIRECT_OBJC_ISA_USAGE = YES_ERROR;
				CLANG_WARN_DOCUMENTATION_COMMENTS = YES;
				CLANG_WARN_EMPTY_BODY = YES;
				CLANG_WARN_ENUM_CONVERSION = YES;
				CLANG_WARN_INFINITE_RECURSION = YES;
				CLANG_WARN_INT_CONVERSION = YES;
				CLANG_WARN_NON_LITERAL_NULL_CONVERSION = YES;
				CLANG_WARN_OBJC_IMPLICIT_RETAIN_SELF = YES;
				CLANG_WARN_OBJC_LITERAL_CONVERSION = YES;
				CLANG_WARN_OBJC_ROOT_CLASS = YES_ERROR;
				CLANG_WARN_QUOTED_INCLUDE_IN_FRAMEWORK_HEADER = YES;
				CLANG_WARN_RANGE_LOOP_ANALYSIS = YES;
				CLANG_WARN_STRICT_PROTOTYPES = YES;
				CLANG_WARN_SUSPICIOUS_MOVE = YES;
				CLANG_WARN_UNGUARDED_AVAILABILITY = YES_AGGRESSIVE;
				CLANG_WARN_UNREACHABLE_CODE = YES;
				CLANG_WARN__DUPLICATE_METHOD_MATCH = YES;
				COPY_PHASE_STRIP = NO;
				DEBUG_INFORMATION_FORMAT = dwarf;
				ENABLE_STRICT_OBJC_MSGSEND = YES;
				ENABLE_TESTABILITY = YES;
				GCC_C_LANGUAGE_STANDARD = gnu11;
				GCC_DYNAMIC_NO_PIC = NO;
				GCC_NO_COMMON_BLOCKS = YES;
				GCC_OPTIMIZATION_LEVEL = 0;
				GCC_PREPROCESSOR_DEFINITIONS = (
					"DEBUG=1",
					"$(inherited)",
				);
				GCC_WARN_64_TO_32_BIT_CONVERSION = YES;
				GCC_WARN_ABOUT_RETURN_TYPE = YES_ERROR;
				GCC_WARN_UNDECLARED_SELECTOR = YES;
				GCC_WARN_UNINITIALIZED_AUTOS = YES_AGGRESSIVE;
				GCC_WARN_UNUSED_FUNCTION = YES;
				GCC_WARN_UNUSED_VARIABLE = YES;
				IPHONEOS_DEPLOYMENT_TARGET = 16.1;
				MTL_ENABLE_DEBUG_INFO = INCLUDE_SOURCE;
				MTL_FAST_MATH = YES;
				ONLY_ACTIVE_ARCH = YES;
				SDKROOT = iphoneos;
				SWIFT_ACTIVE_COMPILATION_CONDITIONS = DEBUG;
				SWIFT_OPTIMIZATION_LEVEL = "-Onone";
			};
			name = Debug;
		};
		D659351929CEE6280096A74C /* Release */ = {
			isa = XCBuildConfiguration;
			buildSettings = {
				ALWAYS_SEARCH_USER_PATHS = NO;
				CLANG_ANALYZER_NONNULL = YES;
				CLANG_ANALYZER_NUMBER_OBJECT_CONVERSION = YES_AGGRESSIVE;
				CLANG_CXX_LANGUAGE_STANDARD = "gnu++20";
				CLANG_ENABLE_MODULES = YES;
				CLANG_ENABLE_OBJC_ARC = YES;
				CLANG_ENABLE_OBJC_WEAK = YES;
				CLANG_WARN_BLOCK_CAPTURE_AUTORELEASING = YES;
				CLANG_WARN_BOOL_CONVERSION = YES;
				CLANG_WARN_COMMA = YES;
				CLANG_WARN_CONSTANT_CONVERSION = YES;
				CLANG_WARN_DEPRECATED_OBJC_IMPLEMENTATIONS = YES;
				CLANG_WARN_DIRECT_OBJC_ISA_USAGE = YES_ERROR;
				CLANG_WARN_DOCUMENTATION_COMMENTS = YES;
				CLANG_WARN_EMPTY_BODY = YES;
				CLANG_WARN_ENUM_CONVERSION = YES;
				CLANG_WARN_INFINITE_RECURSION = YES;
				CLANG_WARN_INT_CONVERSION = YES;
				CLANG_WARN_NON_LITERAL_NULL_CONVERSION = YES;
				CLANG_WARN_OBJC_IMPLICIT_RETAIN_SELF = YES;
				CLANG_WARN_OBJC_LITERAL_CONVERSION = YES;
				CLANG_WARN_OBJC_ROOT_CLASS = YES_ERROR;
				CLANG_WARN_QUOTED_INCLUDE_IN_FRAMEWORK_HEADER = YES;
				CLANG_WARN_RANGE_LOOP_ANALYSIS = YES;
				CLANG_WARN_STRICT_PROTOTYPES = YES;
				CLANG_WARN_SUSPICIOUS_MOVE = YES;
				CLANG_WARN_UNGUARDED_AVAILABILITY = YES_AGGRESSIVE;
				CLANG_WARN_UNREACHABLE_CODE = YES;
				CLANG_WARN__DUPLICATE_METHOD_MATCH = YES;
				COPY_PHASE_STRIP = NO;
				DEBUG_INFORMATION_FORMAT = "dwarf-with-dsym";
				ENABLE_NS_ASSERTIONS = NO;
				ENABLE_STRICT_OBJC_MSGSEND = YES;
				GCC_C_LANGUAGE_STANDARD = gnu11;
				GCC_NO_COMMON_BLOCKS = YES;
				GCC_WARN_64_TO_32_BIT_CONVERSION = YES;
				GCC_WARN_ABOUT_RETURN_TYPE = YES_ERROR;
				GCC_WARN_UNDECLARED_SELECTOR = YES;
				GCC_WARN_UNINITIALIZED_AUTOS = YES_AGGRESSIVE;
				GCC_WARN_UNUSED_FUNCTION = YES;
				GCC_WARN_UNUSED_VARIABLE = YES;
				IPHONEOS_DEPLOYMENT_TARGET = 16.1;
				MTL_ENABLE_DEBUG_INFO = NO;
				MTL_FAST_MATH = YES;
				SDKROOT = iphoneos;
				SWIFT_COMPILATION_MODE = wholemodule;
				SWIFT_OPTIMIZATION_LEVEL = "-O";
				VALIDATE_PRODUCT = YES;
			};
			name = Release;
		};
		D659351B29CEE6280096A74C /* Debug */ = {
			isa = XCBuildConfiguration;
			buildSettings = {
				ASSETCATALOG_COMPILER_APPICON_NAME = AppIcon;
				ASSETCATALOG_COMPILER_GLOBAL_ACCENT_COLOR_NAME = AccentColor;
				CODE_SIGN_STYLE = Automatic;
				CURRENT_PROJECT_VERSION = 1;
				DEVELOPMENT_ASSET_PATHS = "\"KingOfChoice/Preview Content\"";
				DEVELOPMENT_TEAM = 56SNH3AL92;
				ENABLE_PREVIEWS = YES;
				GENERATE_INFOPLIST_FILE = YES;
				INFOPLIST_KEY_UIApplicationSceneManifest_Generation = YES;
				INFOPLIST_KEY_UIApplicationSupportsIndirectInputEvents = YES;
				INFOPLIST_KEY_UILaunchScreen_Generation = YES;
				INFOPLIST_KEY_UISupportedInterfaceOrientations_iPad = "UIInterfaceOrientationPortrait UIInterfaceOrientationPortraitUpsideDown UIInterfaceOrientationLandscapeLeft UIInterfaceOrientationLandscapeRight";
				INFOPLIST_KEY_UISupportedInterfaceOrientations_iPhone = "UIInterfaceOrientationPortrait UIInterfaceOrientationLandscapeLeft UIInterfaceOrientationLandscapeRight";
				IPHONEOS_DEPLOYMENT_TARGET = 15.0;
				LD_RUNPATH_SEARCH_PATHS = (
					"$(inherited)",
					"@executable_path/Frameworks",
				);
				MARKETING_VERSION = 3.0.0;
				PRODUCT_BUNDLE_IDENTIFIER = com.kwonkunkun.KingOfChoice;
				PRODUCT_NAME = "$(TARGET_NAME)";
				SWIFT_EMIT_LOC_STRINGS = YES;
				SWIFT_VERSION = 5.0;
				TARGETED_DEVICE_FAMILY = "1,2";
			};
			name = Debug;
		};
		D659351C29CEE6280096A74C /* Release */ = {
			isa = XCBuildConfiguration;
			buildSettings = {
				ASSETCATALOG_COMPILER_APPICON_NAME = AppIcon;
				ASSETCATALOG_COMPILER_GLOBAL_ACCENT_COLOR_NAME = AccentColor;
				CODE_SIGN_STYLE = Automatic;
				CURRENT_PROJECT_VERSION = 1;
				DEVELOPMENT_ASSET_PATHS = "\"KingOfChoice/Preview Content\"";
				DEVELOPMENT_TEAM = 56SNH3AL92;
				ENABLE_PREVIEWS = YES;
				GENERATE_INFOPLIST_FILE = YES;
				INFOPLIST_KEY_UIApplicationSceneManifest_Generation = YES;
				INFOPLIST_KEY_UIApplicationSupportsIndirectInputEvents = YES;
				INFOPLIST_KEY_UILaunchScreen_Generation = YES;
				INFOPLIST_KEY_UISupportedInterfaceOrientations_iPad = "UIInterfaceOrientationPortrait UIInterfaceOrientationPortraitUpsideDown UIInterfaceOrientationLandscapeLeft UIInterfaceOrientationLandscapeRight";
				INFOPLIST_KEY_UISupportedInterfaceOrientations_iPhone = "UIInterfaceOrientationPortrait UIInterfaceOrientationLandscapeLeft UIInterfaceOrientationLandscapeRight";
				IPHONEOS_DEPLOYMENT_TARGET = 15.0;
				LD_RUNPATH_SEARCH_PATHS = (
					"$(inherited)",
					"@executable_path/Frameworks",
				);
				MARKETING_VERSION = 3.0.0;
				PRODUCT_BUNDLE_IDENTIFIER = com.kwonkunkun.KingOfChoice;
				PRODUCT_NAME = "$(TARGET_NAME)";
				SWIFT_EMIT_LOC_STRINGS = YES;
				SWIFT_VERSION = 5.0;
				TARGETED_DEVICE_FAMILY = "1,2";
			};
			name = Release;
		};
		D659351E29CEE6280096A74C /* Debug */ = {
			isa = XCBuildConfiguration;
			buildSettings = {
				ALWAYS_EMBED_SWIFT_STANDARD_LIBRARIES = YES;
				BUNDLE_LOADER = "$(TEST_HOST)";
				CODE_SIGN_STYLE = Automatic;
				CURRENT_PROJECT_VERSION = 1;
				DEVELOPMENT_TEAM = 56SNH3AL92;
				GENERATE_INFOPLIST_FILE = YES;
				IPHONEOS_DEPLOYMENT_TARGET = 16.1;
				MARKETING_VERSION = 1.0;
				PRODUCT_BUNDLE_IDENTIFIER = com.kwonkunkun.KingOfChoiceTests;
				PRODUCT_NAME = "$(TARGET_NAME)";
				SWIFT_EMIT_LOC_STRINGS = NO;
				SWIFT_VERSION = 5.0;
				TARGETED_DEVICE_FAMILY = "1,2";
				TEST_HOST = "$(BUILT_PRODUCTS_DIR)/KingOfChoice.app/$(BUNDLE_EXECUTABLE_FOLDER_PATH)/KingOfChoice";
			};
			name = Debug;
		};
		D659351F29CEE6280096A74C /* Release */ = {
			isa = XCBuildConfiguration;
			buildSettings = {
				ALWAYS_EMBED_SWIFT_STANDARD_LIBRARIES = YES;
				BUNDLE_LOADER = "$(TEST_HOST)";
				CODE_SIGN_STYLE = Automatic;
				CURRENT_PROJECT_VERSION = 1;
				DEVELOPMENT_TEAM = 56SNH3AL92;
				GENERATE_INFOPLIST_FILE = YES;
				IPHONEOS_DEPLOYMENT_TARGET = 16.1;
				MARKETING_VERSION = 1.0;
				PRODUCT_BUNDLE_IDENTIFIER = com.kwonkunkun.KingOfChoiceTests;
				PRODUCT_NAME = "$(TARGET_NAME)";
				SWIFT_EMIT_LOC_STRINGS = NO;
				SWIFT_VERSION = 5.0;
				TARGETED_DEVICE_FAMILY = "1,2";
				TEST_HOST = "$(BUILT_PRODUCTS_DIR)/KingOfChoice.app/$(BUNDLE_EXECUTABLE_FOLDER_PATH)/KingOfChoice";
			};
			name = Release;
		};
		D659352129CEE6280096A74C /* Debug */ = {
			isa = XCBuildConfiguration;
			buildSettings = {
				ALWAYS_EMBED_SWIFT_STANDARD_LIBRARIES = YES;
				CODE_SIGN_STYLE = Automatic;
				CURRENT_PROJECT_VERSION = 1;
				DEVELOPMENT_TEAM = 56SNH3AL92;
				GENERATE_INFOPLIST_FILE = YES;
				MARKETING_VERSION = 1.0;
				PRODUCT_BUNDLE_IDENTIFIER = com.kwonkunkun.KingOfChoiceUITests;
				PRODUCT_NAME = "$(TARGET_NAME)";
				SWIFT_EMIT_LOC_STRINGS = NO;
				SWIFT_VERSION = 5.0;
				TARGETED_DEVICE_FAMILY = "1,2";
				TEST_TARGET_NAME = KingOfChoice;
			};
			name = Debug;
		};
		D659352229CEE6280096A74C /* Release */ = {
			isa = XCBuildConfiguration;
			buildSettings = {
				ALWAYS_EMBED_SWIFT_STANDARD_LIBRARIES = YES;
				CODE_SIGN_STYLE = Automatic;
				CURRENT_PROJECT_VERSION = 1;
				DEVELOPMENT_TEAM = 56SNH3AL92;
				GENERATE_INFOPLIST_FILE = YES;
				MARKETING_VERSION = 1.0;
				PRODUCT_BUNDLE_IDENTIFIER = com.kwonkunkun.KingOfChoiceUITests;
				PRODUCT_NAME = "$(TARGET_NAME)";
				SWIFT_EMIT_LOC_STRINGS = NO;
				SWIFT_VERSION = 5.0;
				TARGETED_DEVICE_FAMILY = "1,2";
				TEST_TARGET_NAME = KingOfChoice;
			};
			name = Release;
		};
/* End XCBuildConfiguration section */

/* Begin XCConfigurationList section */
		D65934F129CEE6270096A74C /* Build configuration list for PBXProject "KingOfChoice" */ = {
			isa = XCConfigurationList;
			buildConfigurations = (
				D659351829CEE6280096A74C /* Debug */,
				D659351929CEE6280096A74C /* Release */,
			);
			defaultConfigurationIsVisible = 0;
			defaultConfigurationName = Release;
		};
		D659351A29CEE6280096A74C /* Build configuration list for PBXNativeTarget "KingOfChoice" */ = {
			isa = XCConfigurationList;
			buildConfigurations = (
				D659351B29CEE6280096A74C /* Debug */,
				D659351C29CEE6280096A74C /* Release */,
			);
			defaultConfigurationIsVisible = 0;
			defaultConfigurationName = Release;
		};
		D659351D29CEE6280096A74C /* Build configuration list for PBXNativeTarget "KingOfChoiceTests" */ = {
			isa = XCConfigurationList;
			buildConfigurations = (
				D659351E29CEE6280096A74C /* Debug */,
				D659351F29CEE6280096A74C /* Release */,
			);
			defaultConfigurationIsVisible = 0;
			defaultConfigurationName = Release;
		};
		D659352029CEE6280096A74C /* Build configuration list for PBXNativeTarget "KingOfChoiceUITests" */ = {
			isa = XCConfigurationList;
			buildConfigurations = (
				D659352129CEE6280096A74C /* Debug */,
				D659352229CEE6280096A74C /* Release */,
			);
			defaultConfigurationIsVisible = 0;
			defaultConfigurationName = Release;
		};
/* End XCConfigurationList section */

/* Begin XCRemoteSwiftPackageReference section */
		D6B31DAC29D20723004F55DD /* XCRemoteSwiftPackageReference "AlertToast" */ = {
			isa = XCRemoteSwiftPackageReference;
			repositoryURL = "https://github.com/elai950/AlertToast.git";
			requirement = {
				kind = upToNextMajorVersion;
				minimumVersion = 1.0.0;
			};
		};
/* End XCRemoteSwiftPackageReference section */

/* Begin XCSwiftPackageProductDependency section */
		D6B31DAD29D20723004F55DD /* AlertToast */ = {
			isa = XCSwiftPackageProductDependency;
			package = D6B31DAC29D20723004F55DD /* XCRemoteSwiftPackageReference "AlertToast" */;
			productName = AlertToast;
		};
/* End XCSwiftPackageProductDependency section */
	};
	rootObject = D65934EE29CEE6270096A74C /* Project object */;
}
